
Microsoft Visual Studio Solution File, Format Version 12.00
# Visual Studio Version 16
VisualStudioVersion = 16.0.31605.320
MinimumVisualStudioVersion = 10.0.40219.1
Project("{FAE04EC0-301F-11D3-BF4B-00C04F79EFBC}") = "PictureBoxTest", "PictureBoxTest.csproj", "{580D0AD4-4ACB-457E-AF55-0364ED1E5052}"
EndProject
Global
	GlobalSection(SolutionConfigurationPlatforms) = preSolution
		Debug|Any CPU = Debug|Any CPU
		Release|Any CPU = Release|Any CPU
	EndGlobalSection
	GlobalSection(ProjectConfigurationPlatforms) = postSolution
		{580D0AD4-4ACB-457E-AF55-0364ED1E5052}.Debug|Any CPU.ActiveCfg = Debug|Any CPU
		{580D0AD4-4ACB-457E-AF55-0364ED1E5052}.Debug|Any CPU.Build.0 = Debug|Any CPU
		{580D0AD4-4ACB-457E-AF55-0364ED1E5052}.Release|Any CPU.ActiveCfg = Release|Any CPU
		{580D0AD4-4ACB-457E-AF55-0364ED1E5052}.Release|Any CPU.Build.0 = Release|Any CPU
	EndGlobalSection
	GlobalSection(SolutionProperties) = preSolution
		HideSolutionNode = FALSE
	EndGlobalSection
	GlobalSection(ExtensibilityGlobals) = postSolution
		SolutionGuid = {5D5F3539-54A0-4088-A5FA-A2C56A751481}
	EndGlobalSection
EndGlobal
